
Microsoft Visual Studio Solution File, Format Version 12.00
# Visual Studio Version 17
VisualStudioVersion = 17.5.33502.453
MinimumVisualStudioVersion = 10.0.40219.1
Project("{9A19103F-16F7-4668-BE54-9A1E7A4F7556}") = "BadBrokerTestTask", "BadBrokerTestTask\BadBrokerTestTask.csproj", "{B1BF4523-BBA9-4897-8FBA-3EBD088C78A5}"
EndProject
Project("{FAE04EC0-301F-11D3-BF4B-00C04F79EFBC}") = "BadBrokerTestTask.Tests", "BadBrokerTestTask.Tests\BadBrokerTestTask.Tests.csproj", "{DC8506C4-92D0-4ABA-AFAE-80D6AE63A2B9}"
EndProject
Global
	GlobalSection(SolutionConfigurationPlatforms) = preSolution
		Debug|Any CPU = Debug|Any CPU
		Release|Any CPU = Release|Any CPU
	EndGlobalSection
	GlobalSection(ProjectConfigurationPlatforms) = postSolution
		{B1BF4523-BBA9-4897-8FBA-3EBD088C78A5}.Debug|Any CPU.ActiveCfg = Debug|Any CPU
		{B1BF4523-BBA9-4897-8FBA-3EBD088C78A5}.Debug|Any CPU.Build.0 = Debug|Any CPU
		{B1BF4523-BBA9-4897-8FBA-3EBD088C78A5}.Release|Any CPU.ActiveCfg = Release|Any CPU
		{B1BF4523-BBA9-4897-8FBA-3EBD088C78A5}.Release|Any CPU.Build.0 = Release|Any CPU
		{DC8506C4-92D0-4ABA-AFAE-80D6AE63A2B9}.Debug|Any CPU.ActiveCfg = Debug|Any CPU
		{DC8506C4-92D0-4ABA-AFAE-80D6AE63A2B9}.Debug|Any CPU.Build.0 = Debug|Any CPU
		{DC8506C4-92D0-4ABA-AFAE-80D6AE63A2B9}.Release|Any CPU.ActiveCfg = Release|Any CPU
		{DC8506C4-92D0-4ABA-AFAE-80D6AE63A2B9}.Release|Any CPU.Build.0 = Release|Any CPU
	EndGlobalSection
	GlobalSection(SolutionProperties) = preSolution
		HideSolutionNode = FALSE
	EndGlobalSection
	GlobalSection(ExtensibilityGlobals) = postSolution
		SolutionGuid = {7360CA21-0FA9-4623-A290-5C69BEFC7A4B}
	EndGlobalSection
EndGlobal
